
Microsoft Visual Studio Solution File, Format Version 12.00
# Visual Studio Version 16
VisualStudioVersion = 16.0.31105.61
MinimumVisualStudioVersion = 10.0.40219.1
Project("{9A19103F-16F7-4668-BE54-9A1E7A4F7556}") = "TeamBattle", "TeamBattle\TeamBattle.csproj", "{22FE417C-DA72-4144-9F07-20D08DDBCDB3}"
EndProject
Project("{FAE04EC0-301F-11D3-BF4B-00C04F79EFBC}") = "TeamBattle.API", "TeamBattle.API\TeamBattle.API.csproj", "{EACC925B-4D36-4A23-878A-11FF6F41AB3C}"
EndProject
Global
	GlobalSection(SolutionConfigurationPlatforms) = preSolution
		Debug|Any CPU = Debug|Any CPU
		Release|Any CPU = Release|Any CPU
	EndGlobalSection
	GlobalSection(ProjectConfigurationPlatforms) = postSolution
		{22FE417C-DA72-4144-9F07-20D08DDBCDB3}.Debug|Any CPU.ActiveCfg = Debug|Any CPU
		{22FE417C-DA72-4144-9F07-20D08DDBCDB3}.Debug|Any CPU.Build.0 = Debug|Any CPU
		{22FE417C-DA72-4144-9F07-20D08DDBCDB3}.Release|Any CPU.ActiveCfg = Release|Any CPU
		{22FE417C-DA72-4144-9F07-20D08DDBCDB3}.Release|Any CPU.Build.0 = Release|Any CPU
		{EACC925B-4D36-4A23-878A-11FF6F41AB3C}.Debug|Any CPU.ActiveCfg = Debug|Any CPU
		{EACC925B-4D36-4A23-878A-11FF6F41AB3C}.Debug|Any CPU.Build.0 = Debug|Any CPU
		{EACC925B-4D36-4A23-878A-11FF6F41AB3C}.Release|Any CPU.ActiveCfg = Release|Any CPU
		{EACC925B-4D36-4A23-878A-11FF6F41AB3C}.Release|Any CPU.Build.0 = Release|Any CPU
	EndGlobalSection
	GlobalSection(SolutionProperties) = preSolution
		HideSolutionNode = FALSE
	EndGlobalSection
	GlobalSection(ExtensibilityGlobals) = postSolution
		SolutionGuid = {E446F6E3-5523-4CE0-AF64-E65284A4C537}
	EndGlobalSection
EndGlobal
