
Microsoft Visual Studio Solution File, Format Version 12.00
# Visual Studio Version 16
VisualStudioVersion = 16.0.31105.61
MinimumVisualStudioVersion = 10.0.40219.1
Project("{FAE04EC0-301F-11D3-BF4B-00C04F79EFBC}") = "TeamBattleSimulator.Server", "TeamBattleSimulator\Server\TeamBattleSimulator.Server.csproj", "{130937B5-EE4A-4DAD-90A5-5783D1850064}"
EndProject
Project("{FAE04EC0-301F-11D3-BF4B-00C04F79EFBC}") = "TeamBattleSimulator.Client", "TeamBattleSimulator\Client\TeamBattleSimulator.Client.csproj", "{E4BF35B8-D711-4371-AFAA-F65FA4E957F7}"
EndProject
Project("{FAE04EC0-301F-11D3-BF4B-00C04F79EFBC}") = "TeamBattleSimulator.Shared", "TeamBattleSimulator\Shared\TeamBattleSimulator.Shared.csproj", "{987FB9BD-EE12-40A4-8E3E-847898C21BDC}"
EndProject
Global
	GlobalSection(SolutionConfigurationPlatforms) = preSolution
		Debug|Any CPU = Debug|Any CPU
		Release|Any CPU = Release|Any CPU
	EndGlobalSection
	GlobalSection(ProjectConfigurationPlatforms) = postSolution
		{130937B5-EE4A-4DAD-90A5-5783D1850064}.Debug|Any CPU.ActiveCfg = Debug|Any CPU
		{130937B5-EE4A-4DAD-90A5-5783D1850064}.Debug|Any CPU.Build.0 = Debug|Any CPU
		{130937B5-EE4A-4DAD-90A5-5783D1850064}.Release|Any CPU.ActiveCfg = Release|Any CPU
		{130937B5-EE4A-4DAD-90A5-5783D1850064}.Release|Any CPU.Build.0 = Release|Any CPU
		{E4BF35B8-D711-4371-AFAA-F65FA4E957F7}.Debug|Any CPU.ActiveCfg = Debug|Any CPU
		{E4BF35B8-D711-4371-AFAA-F65FA4E957F7}.Debug|Any CPU.Build.0 = Debug|Any CPU
		{E4BF35B8-D711-4371-AFAA-F65FA4E957F7}.Release|Any CPU.ActiveCfg = Release|Any CPU
		{E4BF35B8-D711-4371-AFAA-F65FA4E957F7}.Release|Any CPU.Build.0 = Release|Any CPU
		{987FB9BD-EE12-40A4-8E3E-847898C21BDC}.Debug|Any CPU.ActiveCfg = Debug|Any CPU
		{987FB9BD-EE12-40A4-8E3E-847898C21BDC}.Debug|Any CPU.Build.0 = Debug|Any CPU
		{987FB9BD-EE12-40A4-8E3E-847898C21BDC}.Release|Any CPU.ActiveCfg = Release|Any CPU
		{987FB9BD-EE12-40A4-8E3E-847898C21BDC}.Release|Any CPU.Build.0 = Release|Any CPU
	EndGlobalSection
	GlobalSection(SolutionProperties) = preSolution
		HideSolutionNode = FALSE
	EndGlobalSection
	GlobalSection(ExtensibilityGlobals) = postSolution
		SolutionGuid = {E1643746-7042-40B0-AF66-9875A24135CD}
	EndGlobalSection
EndGlobal
